{
  "lib/UniswapX": {
    "tag": {
      "name": "v2.1.0",
      "rev": "df1dbfe2439c3c648ab5e3089953780ab7fc40b7"
    }
  },
  "lib/chainlink-ccip": {
    "rev": "0e3e0fc5c0f70f0d50dca66b139142ddf3009294"
  },
  "lib/evm-cctp-contracts": {
    "rev": "a92a2b4e7e6ef99bf0b05dca71780f5ec190e729"
  },
  "lib/the-compact": {
    "rev": "ac25e50dbfd51358f206919e649ff79b042a5dab"
  }
}